// !$*UTF8*$!
{
	archiveVersion = 1;
	classes = {
	};
	objectVersion = 48;
	objects = {

/* Begin PBXBuildFile section */
		141F437C1F9F66B2005344B6 /* AppDelegate.swift in Sources */ = {isa = PBXBuildFile; fileRef = 141F437B1F9F66B2005344B6 /* AppDelegate.swift */; };
		141F437E1F9F66B2005344B6 /* ViewController.swift in Sources */ = {isa = PBXBuildFile; fileRef = 141F437D1F9F66B2005344B6 /* ViewController.swift */; };
		141F43811F9F66B2005344B6 /* Main.storyboard in Resources */ = {isa = PBXBuildFile; fileRef = 141F437F1F9F66B2005344B6 /* Main.storyboard */; };
		141F43831F9F66B2005344B6 /* Assets.xcassets in Resources */ = {isa = PBXBuildFile; fileRef = 141F43821F9F66B2005344B6 /* Assets.xcassets */; };
		141F43861F9F66B2005344B6 /* LaunchScreen.storyboard in Resources */ = {isa = PBXBuildFile; fileRef = 141F43841F9F66B2005344B6 /* LaunchScreen.storyboard */; };
		141F43911F9F66B2005344B6 /* BCommTests.swift in Sources */ = {isa = PBXBuildFile; fileRef = 141F43901F9F66B2005344B6 /* BCommTests.swift */; };
		141F439C1F9F66B2005344B6 /* BCommUITests.swift in Sources */ = {isa = PBXBuildFile; fileRef = 141F439B1F9F66B2005344B6 /* BCommUITests.swift */; };
		141F43AB1F9F86F5005344B6 /* Beacon.swift in Sources */ = {isa = PBXBuildFile; fileRef = 141F43A91F9F692A005344B6 /* Beacon.swift */; };
/* End PBXBuildFile section */

/* Begin PBXContainerItemProxy section */
		141F438D1F9F66B2005344B6 /* PBXContainerItemProxy */ = {
			isa = PBXContainerItemProxy;
			containerPortal = 141F43701F9F66B2005344B6 /* Project object */;
			proxyType = 1;
			remoteGlobalIDString = 141F43771F9F66B2005344B6;
			remoteInfo = BComm;
		};
		141F43981F9F66B2005344B6 /* PBXContainerItemProxy */ = {
			isa = PBXContainerItemProxy;
			containerPortal = 141F43701F9F66B2005344B6 /* Project object */;
			proxyType = 1;
			remoteGlobalIDString = 141F43771F9F66B2005344B6;
			remoteInfo = BComm;
		};
/* End PBXContainerItemProxy section */

/* Begin PBXFileReference section */
		141F43781F9F66B2005344B6 /* BComm.app */ = {isa = PBXFileReference; explicitFileType = wrapper.application; includeInIndex = 0; path = BComm.app; sourceTree = BUILT_PRODUCTS_DIR; };
		141F437B1F9F66B2005344B6 /* AppDelegate.swift */ = {isa = PBXFileReference; lastKnownFileType = sourcecode.swift; path = AppDelegate.swift; sourceTree = "<group>"; };
		141F437D1F9F66B2005344B6 /* ViewController.swift */ = {isa = PBXFileReference; lastKnownFileType = sourcecode.swift; path = ViewController.swift; sourceTree = "<group>"; };
		141F43801F9F66B2005344B6 /* Base */ = {isa = PBXFileReference; lastKnownFileType = file.storyboard; name = Base; path = Base.lproj/Main.storyboard; sourceTree = "<group>"; };
		141F43821F9F66B2005344B6 /* Assets.xcassets */ = {isa = PBXFileReference; lastKnownFileType = folder.assetcatalog; path = Assets.xcassets; sourceTree = "<group>"; };
		141F43851F9F66B2005344B6 /* Base */ = {isa = PBXFileReference; lastKnownFileType = file.storyboard; name = Base; path = Base.lproj/LaunchScreen.storyboard; sourceTree = "<group>"; };
		141F43871F9F66B2005344B6 /* Info.plist */ = {isa = PBXFileReference; lastKnownFileType = text.plist.xml; path = Info.plist; sourceTree = "<group>"; };
		141F438C1F9F66B2005344B6 /* BCommTests.xctest */ = {isa = PBXFileReference; explicitFileType = wrapper.cfbundle; includeInIndex = 0; path = BCommTests.xctest; sourceTree = BUILT_PRODUCTS_DIR; };
		141F43901F9F66B2005344B6 /* BCommTests.swift */ = {isa = PBXFileReference; lastKnownFileType = sourcecode.swift; path = BCommTests.swift; sourceTree = "<group>"; };
		141F43921F9F66B2005344B6 /* Info.plist */ = {isa = PBXFileReference; lastKnownFileType = text.plist.xml; path = Info.plist; sourceTree = "<group>"; };
		141F43971F9F66B2005344B6 /* BCommUITests.xctest */ = {isa = PBXFileReference; explicitFileType = wrapper.cfbundle; includeInIndex = 0; path = BCommUITests.xctest; sourceTree = BUILT_PRODUCTS_DIR; };
		141F439B1F9F66B2005344B6 /* BCommUITests.swift */ = {isa = PBXFileReference; lastKnownFileType = sourcecode.swift; path = BCommUITests.swift; sourceTree = "<group>"; };
		141F439D1F9F66B2005344B6 /* Info.plist */ = {isa = PBXFileReference; lastKnownFileType = text.plist.xml; path = Info.plist; sourceTree = "<group>"; };
		141F43A91F9F692A005344B6 /* Beacon.swift */ = {isa = PBXFileReference; lastKnownFileType = sourcecode.swift; path = Beacon.swift; sourceTree = "<group>"; };
/* End PBXFileReference section */

/* Begin PBXFrameworksBuildPhase section */
		141F43751F9F66B2005344B6 /* Frameworks */ = {
			isa = PBXFrameworksBuildPhase;
			buildActionMask = 2147483647;
			files = (
			);
			runOnlyForDeploymentPostprocessing = 0;
		};
		141F43891F9F66B2005344B6 /* Frameworks */ = {
			isa = PBXFrameworksBuildPhase;
			buildActionMask = 2147483647;
			files = (
			);
			runOnlyForDeploymentPostprocessing = 0;
		};
		141F43941F9F66B2005344B6 /* Frameworks */ = {
			isa = PBXFrameworksBuildPhase;
			buildActionMask = 2147483647;
			files = (
			);
			runOnlyForDeploymentPostprocessing = 0;
		};
/* End PBXFrameworksBuildPhase section */

/* Begin PBXGroup section */
		141F436F1F9F66B2005344B6 = {
			isa = PBXGroup;
			children = (
				141F437A1F9F66B2005344B6 /* BComm */,
				141F438F1F9F66B2005344B6 /* BCommTests */,
				141F439A1F9F66B2005344B6 /* BCommUITests */,
				141F43791F9F66B2005344B6 /* Products */,
			);
			sourceTree = "<group>";
		};
		141F43791F9F66B2005344B6 /* Products */ = {
			isa = PBXGroup;
			children = (
				141F43781F9F66B2005344B6 /* BComm.app */,
				141F438C1F9F66B2005344B6 /* BCommTests.xctest */,
				141F43971F9F66B2005344B6 /* BCommUITests.xctest */,
			);
			name = Products;
			sourceTree = "<group>";
		};
		141F437A1F9F66B2005344B6 /* BComm */ = {
			isa = PBXGroup;
			children = (
				141F437B1F9F66B2005344B6 /* AppDelegate.swift */,
				141F437D1F9F66B2005344B6 /* ViewController.swift */,
				141F437F1F9F66B2005344B6 /* Main.storyboard */,
				141F43821F9F66B2005344B6 /* Assets.xcassets */,
				141F43841F9F66B2005344B6 /* LaunchScreen.storyboard */,
				141F43871F9F66B2005344B6 /* Info.plist */,
				141F43A91F9F692A005344B6 /* Beacon.swift */,
			);
			path = BComm;
			sourceTree = "<group>";
		};
		141F438F1F9F66B2005344B6 /* BCommTests */ = {
			isa = PBXGroup;
			children = (
				141F43901F9F66B2005344B6 /* BCommTests.swift */,
				141F43921F9F66B2005344B6 /* Info.plist */,
			);
			path = BCommTests;
			sourceTree = "<group>";
		};
		141F439A1F9F66B2005344B6 /* BCommUITests */ = {
			isa = PBXGroup;
			children = (
				141F439B1F9F66B2005344B6 /* BCommUITests.swift */,
				141F439D1F9F66B2005344B6 /* Info.plist */,
			);
			path = BCommUITests;
			sourceTree = "<group>";
		};
/* End PBXGroup section */

/* Begin PBXNativeTarget section */
		141F43771F9F66B2005344B6 /* BComm */ = {
			isa = PBXNativeTarget;
			buildConfigurationList = 141F43A01F9F66B2005344B6 /* Build configuration list for PBXNativeTarget "BComm" */;
			buildPhases = (
				141F43741F9F66B2005344B6 /* Sources */,
				141F43751F9F66B2005344B6 /* Frameworks */,
				141F43761F9F66B2005344B6 /* Resources */,
			);
			buildRules = (
			);
			dependencies = (
			);
			name = BComm;
			productName = BComm;
			productReference = 141F43781F9F66B2005344B6 /* BComm.app */;
			productType = "com.apple.product-type.application";
		};
		141F438B1F9F66B2005344B6 /* BCommTests */ = {
			isa = PBXNativeTarget;
			buildConfigurationList = 141F43A31F9F66B2005344B6 /* Build configuration list for PBXNativeTarget "BCommTests" */;
			buildPhases = (
				141F43881F9F66B2005344B6 /* Sources */,
				141F43891F9F66B2005344B6 /* Frameworks */,
				141F438A1F9F66B2005344B6 /* Resources */,
			);
			buildRules = (
			);
			dependencies = (
				141F438E1F9F66B2005344B6 /* PBXTargetDependency */,
			);
			name = BCommTests;
			productName = BCommTests;
			productReference = 141F438C1F9F66B2005344B6 /* BCommTests.xctest */;
			productType = "com.apple.product-type.bundle.unit-test";
		};
		141F43961F9F66B2005344B6 /* BCommUITests */ = {
			isa = PBXNativeTarget;
			buildConfigurationList = 141F43A61F9F66B2005344B6 /* Build configuration list for PBXNativeTarget "BCommUITests" */;
			buildPhases = (
				141F43931F9F66B2005344B6 /* Sources */,
				141F43941F9F66B2005344B6 /* Frameworks */,
				141F43951F9F66B2005344B6 /* Resources */,
			);
			buildRules = (
			);
			dependencies = (
				141F43991F9F66B2005344B6 /* PBXTargetDependency */,
			);
			name = BCommUITests;
			productName = BCommUITests;
			productReference = 141F43971F9F66B2005344B6 /* BCommUITests.xctest */;
			productType = "com.apple.product-type.bundle.ui-testing";
		};
/* End PBXNativeTarget section */

/* Begin PBXProject section */
		141F43701F9F66B2005344B6 /* Project object */ = {
			isa = PBXProject;
			attributes = {
				LastSwiftUpdateCheck = 0900;
				LastUpgradeCheck = 0900;
				ORGANIZATIONNAME = takecx;
				TargetAttributes = {
					141F43771F9F66B2005344B6 = {
						CreatedOnToolsVersion = 9.0;
						ProvisioningStyle = Automatic;
						SystemCapabilities = {
							com.apple.BackgroundModes = {
								enabled = 1;
							};
						};
					};
					141F438B1F9F66B2005344B6 = {
						CreatedOnToolsVersion = 9.0;
						ProvisioningStyle = Automatic;
						TestTargetID = 141F43771F9F66B2005344B6;
					};
					141F43961F9F66B2005344B6 = {
						CreatedOnToolsVersion = 9.0;
						ProvisioningStyle = Automatic;
						TestTargetID = 141F43771F9F66B2005344B6;
					};
				};
			};
			buildConfigurationList = 141F43731F9F66B2005344B6 /* Build configuration list for PBXProject "BComm" */;
			compatibilityVersion = "Xcode 8.0";
			developmentRegion = en;
			hasScannedForEncodings = 0;
			knownRegions = (
				en,
				Base,
			);
			mainGroup = 141F436F1F9F66B2005344B6;
			productRefGroup = 141F43791F9F66B2005344B6 /* Products */;
			projectDirPath = "";
			projectRoot = "";
			targets = (
				141F43771F9F66B2005344B6 /* BComm */,
				141F438B1F9F66B2005344B6 /* BCommTests */,
				141F43961F9F66B2005344B6 /* BCommUITests */,
			);
		};
/* End PBXProject section */

/* Begin PBXResourcesBuildPhase section */
		141F43761F9F66B2005344B6 /* Resources */ = {
			isa = PBXResourcesBuildPhase;
			buildActionMask = 2147483647;
			files = (
				141F43861F9F66B2005344B6 /* LaunchScreen.storyboard in Resources */,
				141F43831F9F66B2005344B6 /* Assets.xcassets in Resources */,
				141F43811F9F66B2005344B6 /* Main.storyboard in Resources */,
			);
			runOnlyForDeploymentPostprocessing = 0;
		};
		141F438A1F9F66B2005344B6 /* Resources */ = {
			isa = PBXResourcesBuildPhase;
			buildActionMask = 2147483647;
			files = (
			);
			runOnlyForDeploymentPostprocessing = 0;
		};
		141F43951F9F66B2005344B6 /* Resources */ = {
			isa = PBXResourcesBuildPhase;
			buildActionMask = 2147483647;
			files = (
			);
			runOnlyForDeploymentPostprocessing = 0;
		};
/* End PBXResourcesBuildPhase section */

/* Begin PBXSourcesBuildPhase section */
		141F43741F9F66B2005344B6 /* Sources */ = {
			isa = PBXSourcesBuildPhase;
			buildActionMask = 2147483647;
			files = (
				141F437E1F9F66B2005344B6 /* ViewController.swift in Sources */,
				141F437C1F9F66B2005344B6 /* AppDelegate.swift in Sources */,
				141F43AB1F9F86F5005344B6 /* Beacon.swift in Sources */,
			);
			runOnlyForDeploymentPostprocessing = 0;
		};
		141F43881F9F66B2005344B6 /* Sources */ = {
			isa = PBXSourcesBuildPhase;
			buildActionMask = 2147483647;
			files = (
				141F43911F9F66B2005344B6 /* BCommTests.swift in Sources */,
			);
			runOnlyForDeploymentPostprocessing = 0;
		};
		141F43931F9F66B2005344B6 /* Sources */ = {
			isa = PBXSourcesBuildPhase;
			buildActionMask = 2147483647;
			files = (
				141F439C1F9F66B2005344B6 /* BCommUITests.swift in Sources */,
			);
			runOnlyForDeploymentPostprocessing = 0;
		};
/* End PBXSourcesBuildPhase section */

/* Begin PBXTargetDependency section */
		141F438E1F9F66B2005344B6 /* PBXTargetDependency */ = {
			isa = PBXTargetDependency;
			target = 141F43771F9F66B2005344B6 /* BComm */;
			targetProxy = 141F438D1F9F66B2005344B6 /* PBXContainerItemProxy */;
		};
		141F43991F9F66B2005344B6 /* PBXTargetDependency */ = {
			isa = PBXTargetDependency;
			target = 141F43771F9F66B2005344B6 /* BComm */;
			targetProxy = 141F43981F9F66B2005344B6 /* PBXContainerItemProxy */;
		};
/* End PBXTargetDependency section */

/* Begin PBXVariantGroup section */
		141F437F1F9F66B2005344B6 /* Main.storyboard */ = {
			isa = PBXVariantGroup;
			children = (
				141F43801F9F66B2005344B6 /* Base */,
			);
			name = Main.storyboard;
			sourceTree = "<group>";
		};
		141F43841F9F66B2005344B6 /* LaunchScreen.storyboard */ = {
			isa = PBXVariantGroup;
			children = (
				141F43851F9F66B2005344B6 /* Base */,
			);
			name = LaunchScreen.storyboard;
			sourceTree = "<group>";
		};
/* End PBXVariantGroup section */

/* Begin XCBuildConfiguration section */
		141F439E1F9F66B2005344B6 /* Debug */ = {
			isa = XCBuildConfiguration;
			buildSettings = {
				ALWAYS_SEARCH_USER_PATHS = NO;
				CLANG_ANALYZER_NONNULL = YES;
				CLANG_ANALYZER_NUMBER_OBJECT_CONVERSION = YES_AGGRESSIVE;
				CLANG_CXX_LANGUAGE_STANDARD = "gnu++14";
				CLANG_CXX_LIBRARY = "libc++";
				CLANG_ENABLE_MODULES = YES;
				CLANG_ENABLE_OBJC_ARC = YES;
				CLANG_WARN_BLOCK_CAPTURE_AUTORELEASING = YES;
				CLANG_WARN_BOOL_CONVERSION = YES;
				CLANG_WARN_COMMA = YES;
				CLANG_WARN_CONSTANT_CONVERSION = YES;
				CLANG_WARN_DIRECT_OBJC_ISA_USAGE = YES_ERROR;
				CLANG_WARN_DOCUMENTATION_COMMENTS = YES;
				CLANG_WARN_EMPTY_BODY = YES;
				CLANG_WARN_ENUM_CONVERSION = YES;
				CLANG_WARN_INFINITE_RECURSION = YES;
				CLANG_WARN_INT_CONVERSION = YES;
				CLANG_WARN_NON_LITERAL_NULL_CONVERSION = YES;
				CLANG_WARN_OBJC_LITERAL_CONVERSION = YES;
				CLANG_WARN_OBJC_ROOT_CLASS = YES_ERROR;
				CLANG_WARN_RANGE_LOOP_ANALYSIS = YES;
				CLANG_WARN_STRICT_PROTOTYPES = YES;
				CLANG_WARN_SUSPICIOUS_MOVE = YES;
				CLANG_WARN_UNGUARDED_AVAILABILITY = YES_AGGRESSIVE;
				CLANG_WARN_UNREACHABLE_CODE = YES;
				CLANG_WARN__DUPLICATE_METHOD_MATCH = YES;
				CODE_SIGN_IDENTITY = "iPhone Developer";
				COPY_PHASE_STRIP = NO;
				DEBUG_INFORMATION_FORMAT = dwarf;
				ENABLE_STRICT_OBJC_MSGSEND = YES;
				ENABLE_TESTABILITY = YES;
				GCC_C_LANGUAGE_STANDARD = gnu11;
				GCC_DYNAMIC_NO_PIC = NO;
				GCC_NO_COMMON_BLOCKS = YES;
				GCC_OPTIMIZATION_LEVEL = 0;
				GCC_PREPROCESSOR_DEFINITIONS = (
					"DEBUG=1",
					"$(inherited)",
				);
				GCC_WARN_64_TO_32_BIT_CONVERSION = YES;
				GCC_WARN_ABOUT_RETURN_TYPE = YES_ERROR;
				GCC_WARN_UNDECLARED_SELECTOR = YES;
				GCC_WARN_UNINITIALIZED_AUTOS = YES_AGGRESSIVE;
				GCC_WARN_UNUSED_FUNCTION = YES;
				GCC_WARN_UNUSED_VARIABLE = YES;
				IPHONEOS_DEPLOYMENT_TARGET = 11.0;
				MTL_ENABLE_DEBUG_INFO = YES;
				ONLY_ACTIVE_ARCH = YES;
				SDKROOT = iphoneos;
				SWIFT_ACTIVE_COMPILATION_CONDITIONS = DEBUG;
				SWIFT_OPTIMIZATION_LEVEL = "-Onone";
			};
			name = Debug;
		};
		141F439F1F9F66B2005344B6 /* Release */ = {
			isa = XCBuildConfiguration;
			buildSettings = {
				ALWAYS_SEARCH_USER_PATHS = NO;
				CLANG_ANALYZER_NONNULL = YES;
				CLANG_ANALYZER_NUMBER_OBJECT_CONVERSION = YES_AGGRESSIVE;
				CLANG_CXX_LANGUAGE_STANDARD = "gnu++14";
				CLANG_CXX_LIBRARY = "libc++";
				CLANG_ENABLE_MODULES = YES;
				CLANG_ENABLE_OBJC_ARC = YES;
				CLANG_WARN_BLOCK_CAPTURE_AUTORELEASING = YES;
				CLANG_WARN_BOOL_CONVERSION = YES;
				CLANG_WARN_COMMA = YES;
				CLANG_WARN_CONSTANT_CONVERSION = YES;
				CLANG_WARN_DIRECT_OBJC_ISA_USAGE = YES_ERROR;
				CLANG_WARN_DOCUMENTATION_COMMENTS = YES;
				CLANG_WARN_EMPTY_BODY = YES;
				CLANG_WARN_ENUM_CONVERSION = YES;
				CLANG_WARN_INFINITE_RECURSION = YES;
				CLANG_WARN_INT_CONVERSION = YES;
				CLANG_WARN_NON_LITERAL_NULL_CONVERSION = YES;
				CLANG_WARN_OBJC_LITERAL_CONVERSION = YES;
				CLANG_WARN_OBJC_ROOT_CLASS = YES_ERROR;
				CLANG_WARN_RANGE_LOOP_ANALYSIS = YES;
				CLANG_WARN_STRICT_PROTOTYPES = YES;
				CLANG_WARN_SUSPICIOUS_MOVE = YES;
				CLANG_WARN_UNGUARDED_AVAILABILITY = YES_AGGRESSIVE;
				CLANG_WARN_UNREACHABLE_CODE = YES;
				CLANG_WARN__DUPLICATE_METHOD_MATCH = YES;
				CODE_SIGN_IDENTITY = "iPhone Developer";
				COPY_PHASE_STRIP = NO;
				DEBUG_INFORMATION_FORMAT = "dwarf-with-dsym";
				ENABLE_NS_ASSERTIONS = NO;
				ENABLE_STRICT_OBJC_MSGSEND = YES;
				GCC_C_LANGUAGE_STANDARD = gnu11;
				GCC_NO_COMMON_BLOCKS = YES;
				GCC_WARN_64_TO_32_BIT_CONVERSION = YES;
				GCC_WARN_ABOUT_RETURN_TYPE = YES_ERROR;
				GCC_WARN_UNDECLARED_SELECTOR = YES;
				GCC_WARN_UNINITIALIZED_AUTOS = YES_AGGRESSIVE;
				GCC_WARN_UNUSED_FUNCTION = YES;
				GCC_WARN_UNUSED_VARIABLE = YES;
				IPHONEOS_DEPLOYMENT_TARGET = 11.0;
				MTL_ENABLE_DEBUG_INFO = NO;
				SDKROOT = iphoneos;
				SWIFT_OPTIMIZATION_LEVEL = "-Owholemodule";
				VALIDATE_PRODUCT = YES;
			};
			name = Release;
		};
		141F43A11F9F66B2005344B6 /* Debug */ = {
			isa = XCBuildConfiguration;
			buildSettings = {
				ASSETCATALOG_COMPILER_APPICON_NAME = AppIcon;
				CODE_SIGN_STYLE = Automatic;
				DEVELOPMENT_TEAM = 6ESDPMN969;
				INFOPLIST_FILE = BComm/Info.plist;
				LD_RUNPATH_SEARCH_PATHS = "$(inherited) @executable_path/Frameworks";
				PRODUCT_BUNDLE_IDENTIFIER = takecx.BComm;
				PRODUCT_NAME = "$(TARGET_NAME)";
				SWIFT_VERSION = 4.0;
				TARGETED_DEVICE_FAMILY = "1,2";
			};
			name = Debug;
		};
		141F43A21F9F66B2005344B6 /* Release */ = {
			isa = XCBuildConfiguration;
			buildSettings = {
				ASSETCATALOG_COMPILER_APPICON_NAME = AppIcon;
				CODE_SIGN_STYLE = Automatic;
				DEVELOPMENT_TEAM = 6ESDPMN969;
				INFOPLIST_FILE = BComm/Info.plist;
				LD_RUNPATH_SEARCH_PATHS = "$(inherited) @executable_path/Frameworks";
				PRODUCT_BUNDLE_IDENTIFIER = takecx.BComm;
				PRODUCT_NAME = "$(TARGET_NAME)";
				SWIFT_VERSION = 4.0;
				TARGETED_DEVICE_FAMILY = "1,2";
			};
			name = Release;
		};
		141F43A41F9F66B2005344B6 /* Debug */ = {
			isa = XCBuildConfiguration;
			buildSettings = {
				ALWAYS_EMBED_SWIFT_STANDARD_LIBRARIES = YES;
				BUNDLE_LOADER = "$(TEST_HOST)";
				CODE_SIGN_STYLE = Automatic;
				DEVELOPMENT_TEAM = 6ESDPMN969;
				INFOPLIST_FILE = BCommTests/Info.plist;
				LD_RUNPATH_SEARCH_PATHS = "$(inherited) @executable_path/Frameworks @loader_path/Frameworks";
				PRODUCT_BUNDLE_IDENTIFIER = takecx.BCommTests;
				PRODUCT_NAME = "$(TARGET_NAME)";
				SWIFT_VERSION = 4.0;
				TARGETED_DEVICE_FAMILY = "1,2";
				TEST_HOST = "$(BUILT_PRODUCTS_DIR)/BComm.app/BComm";
			};
			name = Debug;
		};
		141F43A51F9F66B2005344B6 /* Release */ = {
			isa = XCBuildConfiguration;
			buildSettings = {
				ALWAYS_EMBED_SWIFT_STANDARD_LIBRARIES = YES;
				BUNDLE_LOADER = "$(TEST_HOST)";
				CODE_SIGN_STYLE = Automatic;
				DEVELOPMENT_TEAM = 6ESDPMN969;
				INFOPLIST_FILE = BCommTests/Info.plist;
				LD_RUNPATH_SEARCH_PATHS = "$(inherited) @executable_path/Frameworks @loader_path/Frameworks";
				PRODUCT_BUNDLE_IDENTIFIER = takecx.BCommTests;
				PRODUCT_NAME = "$(TARGET_NAME)";
				SWIFT_VERSION = 4.0;
				TARGETED_DEVICE_FAMILY = "1,2";
				TEST_HOST = "$(BUILT_PRODUCTS_DIR)/BComm.app/BComm";
			};
			name = Release;
		};
		141F43A71F9F66B2005344B6 /* Debug */ = {
			isa = XCBuildConfiguration;
			buildSettings = {
				ALWAYS_EMBED_SWIFT_STANDARD_LIBRARIES = YES;
				CODE_SIGN_STYLE = Automatic;
				DEVELOPMENT_TEAM = 6ESDPMN969;
				INFOPLIST_FILE = BCommUITests/Info.plist;
				LD_RUNPATH_SEARCH_PATHS = "$(inherited) @executable_path/Frameworks @loader_path/Frameworks";
				PRODUCT_BUNDLE_IDENTIFIER = takecx.BCommUITests;
				PRODUCT_NAME = "$(TARGET_NAME)";
				SWIFT_VERSION = 4.0;
				TARGETED_DEVICE_FAMILY = "1,2";
				TEST_TARGET_NAME = BComm;
			};
			name = Debug;
		};
		141F43A81F9F66B2005344B6 /* Release */ = {
			isa = XCBuildConfiguration;
			buildSettings = {
				ALWAYS_EMBED_SWIFT_STANDARD_LIBRARIES = YES;
				CODE_SIGN_STYLE = Automatic;
				DEVELOPMENT_TEAM = 6ESDPMN969;
				INFOPLIST_FILE = BCommUITests/Info.plist;
				LD_RUNPATH_SEARCH_PATHS = "$(inherited) @executable_path/Frameworks @loader_path/Frameworks";
				PRODUCT_BUNDLE_IDENTIFIER = takecx.BCommUITests;
				PRODUCT_NAME = "$(TARGET_NAME)";
				SWIFT_VERSION = 4.0;
				TARGETED_DEVICE_FAMILY = "1,2";
				TEST_TARGET_NAME = BComm;
			};
			name = Release;
		};
/* End XCBuildConfiguration section */

/* Begin XCConfigurationList section */
		141F43731F9F66B2005344B6 /* Build configuration list for PBXProject "BComm" */ = {
			isa = XCConfigurationList;
			buildConfigurations = (
				141F439E1F9F66B2005344B6 /* Debug */,
				141F439F1F9F66B2005344B6 /* Release */,
			);
			defaultConfigurationIsVisible = 0;
			defaultConfigurationName = Release;
		};
		141F43A01F9F66B2005344B6 /* Build configuration list for PBXNativeTarget "BComm" */ = {
			isa = XCConfigurationList;
			buildConfigurations = (
				141F43A11F9F66B2005344B6 /* Debug */,
				141F43A21F9F66B2005344B6 /* Release */,
			);
			defaultConfigurationIsVisible = 0;
			defaultConfigurationName = Release;
		};
		141F43A31F9F66B2005344B6 /* Build configuration list for PBXNativeTarget "BCommTests" */ = {
			isa = XCConfigurationList;
			buildConfigurations = (
				141F43A41F9F66B2005344B6 /* Debug */,
				141F43A51F9F66B2005344B6 /* Release */,
			);
			defaultConfigurationIsVisible = 0;
			defaultConfigurationName = Release;
		};
		141F43A61F9F66B2005344B6 /* Build configuration list for PBXNativeTarget "BCommUITests" */ = {
			isa = XCConfigurationList;
			buildConfigurations = (
				141F43A71F9F66B2005344B6 /* Debug */,
				141F43A81F9F66B2005344B6 /* Release */,
			);
			defaultConfigurationIsVisible = 0;
			defaultConfigurationName = Release;
		};
/* End XCConfigurationList section */
	};
	rootObject = 141F43701F9F66B2005344B6 /* Project object */;
}
